
Microsoft Visual Studio Solution File, Format Version 12.00
# Visual Studio Version 17
VisualStudioVersion = 17.2.32414.248
MinimumVisualStudioVersion = 10.0.40219.1
Project("{FAE04EC0-301F-11D3-BF4B-00C04F79EFBC}") = "WpfApp1", "WpfApp1\WpfApp1.csproj", "{EBAF2F91-8637-469C-8C12-0891B34B2DE8}"
EndProject
Global
	GlobalSection(SolutionConfigurationPlatforms) = preSolution
		Debug|Any CPU = Debug|Any CPU
		Release|Any CPU = Release|Any CPU
	EndGlobalSection
	GlobalSection(ProjectConfigurationPlatforms) = postSolution
		{EBAF2F91-8637-469C-8C12-0891B34B2DE8}.Debug|Any CPU.ActiveCfg = Debug|Any CPU
		{EBAF2F91-8637-469C-8C12-0891B34B2DE8}.Debug|Any CPU.Build.0 = Debug|Any CPU
		{EBAF2F91-8637-469C-8C12-0891B34B2DE8}.Release|Any CPU.ActiveCfg = Release|Any CPU
		{EBAF2F91-8637-469C-8C12-0891B34B2DE8}.Release|Any CPU.Build.0 = Release|Any CPU
	EndGlobalSection
	GlobalSection(SolutionProperties) = preSolution
		HideSolutionNode = FALSE
	EndGlobalSection
	GlobalSection(ExtensibilityGlobals) = postSolution
		SolutionGuid = {54982996-BD82-431D-A488-98ED8B7D1B41}
	EndGlobalSection
EndGlobal
